
Microsoft Visual Studio Solution File, Format Version 12.00
# Visual Studio Version 17
VisualStudioVersion = 17.5.002.0
MinimumVisualStudioVersion = 10.0.40219.1
Project("{9A19103F-16F7-4668-BE54-9A1E7A4F7556}") = "IComparer", "IComparer.csproj", "{93F6BCD8-121E-489D-95A2-150CA3B56DAB}"
EndProject
Global
	GlobalSection(SolutionConfigurationPlatforms) = preSolution
		Debug|Any CPU = Debug|Any CPU
		Release|Any CPU = Release|Any CPU
	EndGlobalSection
	GlobalSection(ProjectConfigurationPlatforms) = postSolution
		{93F6BCD8-121E-489D-95A2-150CA3B56DAB}.Debug|Any CPU.ActiveCfg = Debug|Any CPU
		{93F6BCD8-121E-489D-95A2-150CA3B56DAB}.Debug|Any CPU.Build.0 = Debug|Any CPU
		{93F6BCD8-121E-489D-95A2-150CA3B56DAB}.Release|Any CPU.ActiveCfg = Release|Any CPU
		{93F6BCD8-121E-489D-95A2-150CA3B56DAB}.Release|Any CPU.Build.0 = Release|Any CPU
	EndGlobalSection
	GlobalSection(SolutionProperties) = preSolution
		HideSolutionNode = FALSE
	EndGlobalSection
	GlobalSection(ExtensibilityGlobals) = postSolution
		SolutionGuid = {8C4452C5-D230-4684-AE1E-E627DFDFAD83}
	EndGlobalSection
EndGlobal
